
Microsoft Visual Studio Solution File, Format Version 12.00
# Visual Studio Version 17
VisualStudioVersion = 17.3.32929.385
MinimumVisualStudioVersion = 10.0.40219.1
Project("{FAE04EC0-301F-11D3-BF4B-00C04F79EFBC}") = "NetCoreYoutube", "NetCoreYoutube\NetCoreYoutube.csproj", "{4AD265FC-8E5C-466A-BFA0-33832D69CC91}"
EndProject
Global
	GlobalSection(SolutionConfigurationPlatforms) = preSolution
		Debug|Any CPU = Debug|Any CPU
		Release|Any CPU = Release|Any CPU
	EndGlobalSection
	GlobalSection(ProjectConfigurationPlatforms) = postSolution
		{4AD265FC-8E5C-466A-BFA0-33832D69CC91}.Debug|Any CPU.ActiveCfg = Debug|Any CPU
		{4AD265FC-8E5C-466A-BFA0-33832D69CC91}.Debug|Any CPU.Build.0 = Debug|Any CPU
		{4AD265FC-8E5C-466A-BFA0-33832D69CC91}.Release|Any CPU.ActiveCfg = Release|Any CPU
		{4AD265FC-8E5C-466A-BFA0-33832D69CC91}.Release|Any CPU.Build.0 = Release|Any CPU
	EndGlobalSection
	GlobalSection(SolutionProperties) = preSolution
		HideSolutionNode = FALSE
	EndGlobalSection
	GlobalSection(ExtensibilityGlobals) = postSolution
		SolutionGuid = {53E1D0AE-2FE1-4B0D-8DD8-BAA230CA6641}
	EndGlobalSection
EndGlobal
